// !$*UTF8*$!
{
	archiveVersion = 1;
	classes = {
	};
	objectVersion = 50;
	objects = {

/* Begin PBXBuildFile section */
		E68FE9E42428F13700228EB7 /* AppDelegate.swift in Sources */ = {isa = PBXBuildFile; fileRef = E68FE9E32428F13700228EB7 /* AppDelegate.swift */; };
		E68FE9E62428F13700228EB7 /* SceneDelegate.swift in Sources */ = {isa = PBXBuildFile; fileRef = E68FE9E52428F13700228EB7 /* SceneDelegate.swift */; };
		E68FE9E82428F13700228EB7 /* ViewController.swift in Sources */ = {isa = PBXBuildFile; fileRef = E68FE9E72428F13700228EB7 /* ViewController.swift */; };
		E68FE9EB2428F13700228EB7 /* Main.storyboard in Resources */ = {isa = PBXBuildFile; fileRef = E68FE9E92428F13700228EB7 /* Main.storyboard */; };
		E68FE9ED2428F13800228EB7 /* Assets.xcassets in Resources */ = {isa = PBXBuildFile; fileRef = E68FE9EC2428F13800228EB7 /* Assets.xcassets */; };
		E68FE9F02428F13800228EB7 /* LaunchScreen.storyboard in Resources */ = {isa = PBXBuildFile; fileRef = E68FE9EE2428F13800228EB7 /* LaunchScreen.storyboard */; };
		E68FE9FB2428F13900228EB7 /* aaaTests.swift in Sources */ = {isa = PBXBuildFile; fileRef = E68FE9FA2428F13900228EB7 /* aaaTests.swift */; };
		E68FEA062428F13900228EB7 /* aaaUITests.swift in Sources */ = {isa = PBXBuildFile; fileRef = E68FEA052428F13900228EB7 /* aaaUITests.swift */; };
/* End PBXBuildFile section */

/* Begin PBXContainerItemProxy section */
		E68FE9F72428F13900228EB7 /* PBXContainerItemProxy */ = {
			isa = PBXContainerItemProxy;
			containerPortal = E68FE9D82428F13700228EB7 /* Project object */;
			proxyType = 1;
			remoteGlobalIDString = E68FE9DF2428F13700228EB7;
			remoteInfo = aaa;
		};
		E68FEA022428F13900228EB7 /* PBXContainerItemProxy */ = {
			isa = PBXContainerItemProxy;
			containerPortal = E68FE9D82428F13700228EB7 /* Project object */;
			proxyType = 1;
			remoteGlobalIDString = E68FE9DF2428F13700228EB7;
			remoteInfo = aaa;
		};
/* End PBXContainerItemProxy section */

/* Begin PBXFileReference section */
		E68FE9E02428F13700228EB7 /* aaa.app */ = {isa = PBXFileReference; explicitFileType = wrapper.application; includeInIndex = 0; path = aaa.app; sourceTree = BUILT_PRODUCTS_DIR; };
		E68FE9E32428F13700228EB7 /* AppDelegate.swift */ = {isa = PBXFileReference; lastKnownFileType = sourcecode.swift; path = AppDelegate.swift; sourceTree = "<group>"; };
		E68FE9E52428F13700228EB7 /* SceneDelegate.swift */ = {isa = PBXFileReference; lastKnownFileType = sourcecode.swift; path = SceneDelegate.swift; sourceTree = "<group>"; };
		E68FE9E72428F13700228EB7 /* ViewController.swift */ = {isa = PBXFileReference; lastKnownFileType = sourcecode.swift; path = ViewController.swift; sourceTree = "<group>"; };
		E68FE9EA2428F13700228EB7 /* Base */ = {isa = PBXFileReference; lastKnownFileType = file.storyboard; name = Base; path = Base.lproj/Main.storyboard; sourceTree = "<group>"; };
		E68FE9EC2428F13800228EB7 /* Assets.xcassets */ = {isa = PBXFileReference; lastKnownFileType = folder.assetcatalog; path = Assets.xcassets; sourceTree = "<group>"; };
		E68FE9EF2428F13800228EB7 /* Base */ = {isa = PBXFileReference; lastKnownFileType = file.storyboard; name = Base; path = Base.lproj/LaunchScreen.storyboard; sourceTree = "<group>"; };
		E68FE9F12428F13800228EB7 /* Info.plist */ = {isa = PBXFileReference; lastKnownFileType = text.plist.xml; path = Info.plist; sourceTree = "<group>"; };
		E68FE9F62428F13900228EB7 /* aaaTests.xctest */ = {isa = PBXFileReference; explicitFileType = wrapper.cfbundle; includeInIndex = 0; path = aaaTests.xctest; sourceTree = BUILT_PRODUCTS_DIR; };
		E68FE9FA2428F13900228EB7 /* aaaTests.swift */ = {isa = PBXFileReference; lastKnownFileType = sourcecode.swift; path = aaaTests.swift; sourceTree = "<group>"; };
		E68FE9FC2428F13900228EB7 /* Info.plist */ = {isa = PBXFileReference; lastKnownFileType = text.plist.xml; path = Info.plist; sourceTree = "<group>"; };
		E68FEA012428F13900228EB7 /* aaaUITests.xctest */ = {isa = PBXFileReference; explicitFileType = wrapper.cfbundle; includeInIndex = 0; path = aaaUITests.xctest; sourceTree = BUILT_PRODUCTS_DIR; };
		E68FEA052428F13900228EB7 /* aaaUITests.swift */ = {isa = PBXFileReference; lastKnownFileType = sourcecode.swift; path = aaaUITests.swift; sourceTree = "<group>"; };
		E68FEA072428F13900228EB7 /* Info.plist */ = {isa = PBXFileReference; lastKnownFileType = text.plist.xml; path = Info.plist; sourceTree = "<group>"; };
/* End PBXFileReference section */

/* Begin PBXFrameworksBuildPhase section */
		E68FE9DD2428F13700228EB7 /* Frameworks */ = {
			isa = PBXFrameworksBuildPhase;
			buildActionMask = 2147483647;
			files = (
			);
			runOnlyForDeploymentPostprocessing = 0;
		};
		E68FE9F32428F13900228EB7 /* Frameworks */ = {
			isa = PBXFrameworksBuildPhase;
			buildActionMask = 2147483647;
			files = (
			);
			runOnlyForDeploymentPostprocessing = 0;
		};
		E68FE9FE2428F13900228EB7 /* Frameworks */ = {
			isa = PBXFrameworksBuildPhase;
			buildActionMask = 2147483647;
			files = (
			);
			runOnlyForDeploymentPostprocessing = 0;
		};
/* End PBXFrameworksBuildPhase section */

/* Begin PBXGroup section */
		E68FE9D72428F13700228EB7 = {
			isa = PBXGroup;
			children = (
				E68FE9E22428F13700228EB7 /* aaa */,
				E68FE9F92428F13900228EB7 /* aaaTests */,
				E68FEA042428F13900228EB7 /* aaaUITests */,
				E68FE9E12428F13700228EB7 /* Products */,
			);
			sourceTree = "<group>";
		};
		E68FE9E12428F13700228EB7 /* Products */ = {
			isa = PBXGroup;
			children = (
				E68FE9E02428F13700228EB7 /* aaa.app */,
				E68FE9F62428F13900228EB7 /* aaaTests.xctest */,
				E68FEA012428F13900228EB7 /* aaaUITests.xctest */,
			);
			name = Products;
			sourceTree = "<group>";
		};
		E68FE9E22428F13700228EB7 /* aaa */ = {
			isa = PBXGroup;
			children = (
				E68FE9E32428F13700228EB7 /* AppDelegate.swift */,
				E68FE9E52428F13700228EB7 /* SceneDelegate.swift */,
				E68FE9E72428F13700228EB7 /* ViewController.swift */,
				E68FE9E92428F13700228EB7 /* Main.storyboard */,
				E68FE9EC2428F13800228EB7 /* Assets.xcassets */,
				E68FE9EE2428F13800228EB7 /* LaunchScreen.storyboard */,
				E68FE9F12428F13800228EB7 /* Info.plist */,
			);
			path = aaa;
			sourceTree = "<group>";
		};
		E68FE9F92428F13900228EB7 /* aaaTests */ = {
			isa = PBXGroup;
			children = (
				E68FE9FA2428F13900228EB7 /* aaaTests.swift */,
				E68FE9FC2428F13900228EB7 /* Info.plist */,
			);
			path = aaaTests;
			sourceTree = "<group>";
		};
		E68FEA042428F13900228EB7 /* aaaUITests */ = {
			isa = PBXGroup;
			children = (
				E68FEA052428F13900228EB7 /* aaaUITests.swift */,
				E68FEA072428F13900228EB7 /* Info.plist */,
			);
			path = aaaUITests;
			sourceTree = "<group>";
		};
/* End PBXGroup section */

/* Begin PBXNativeTarget section */
		E68FE9DF2428F13700228EB7 /* aaa */ = {
			isa = PBXNativeTarget;
			buildConfigurationList = E68FEA0A2428F13900228EB7 /* Build configuration list for PBXNativeTarget "aaa" */;
			buildPhases = (
				E68FE9DC2428F13700228EB7 /* Sources */,
				E68FE9DD2428F13700228EB7 /* Frameworks */,
				E68FE9DE2428F13700228EB7 /* Resources */,
			);
			buildRules = (
			);
			dependencies = (
			);
			name = aaa;
			productName = aaa;
			productReference = E68FE9E02428F13700228EB7 /* aaa.app */;
			productType = "com.apple.product-type.application";
		};
		E68FE9F52428F13900228EB7 /* aaaTests */ = {
			isa = PBXNativeTarget;
			buildConfigurationList = E68FEA0D2428F13900228EB7 /* Build configuration list for PBXNativeTarget "aaaTests" */;
			buildPhases = (
				E68FE9F22428F13900228EB7 /* Sources */,
				E68FE9F32428F13900228EB7 /* Frameworks */,
				E68FE9F42428F13900228EB7 /* Resources */,
			);
			buildRules = (
			);
			dependencies = (
				E68FE9F82428F13900228EB7 /* PBXTargetDependency */,
			);
			name = aaaTests;
			productName = aaaTests;
			productReference = E68FE9F62428F13900228EB7 /* aaaTests.xctest */;
			productType = "com.apple.product-type.bundle.unit-test";
		};
		E68FEA002428F13900228EB7 /* aaaUITests */ = {
			isa = PBXNativeTarget;
			buildConfigurationList = E68FEA102428F13900228EB7 /* Build configuration list for PBXNativeTarget "aaaUITests" */;
			buildPhases = (
				E68FE9FD2428F13900228EB7 /* Sources */,
				E68FE9FE2428F13900228EB7 /* Frameworks */,
				E68FE9FF2428F13900228EB7 /* Resources */,
			);
			buildRules = (
			);
			dependencies = (
				E68FEA032428F13900228EB7 /* PBXTargetDependency */,
			);
			name = aaaUITests;
			productName = aaaUITests;
			productReference = E68FEA012428F13900228EB7 /* aaaUITests.xctest */;
			productType = "com.apple.product-type.bundle.ui-testing";
		};
/* End PBXNativeTarget section */

/* Begin PBXProject section */
		E68FE9D82428F13700228EB7 /* Project object */ = {
			isa = PBXProject;
			attributes = {
				LastSwiftUpdateCheck = 1130;
				LastUpgradeCheck = 1130;
				ORGANIZATIONNAME = "Thomas Canhao Xu";
				TargetAttributes = {
					E68FE9DF2428F13700228EB7 = {
						CreatedOnToolsVersion = 11.3.1;
					};
					E68FE9F52428F13900228EB7 = {
						CreatedOnToolsVersion = 11.3.1;
						TestTargetID = E68FE9DF2428F13700228EB7;
					};
					E68FEA002428F13900228EB7 = {
						CreatedOnToolsVersion = 11.3.1;
						TestTargetID = E68FE9DF2428F13700228EB7;
					};
				};
			};
			buildConfigurationList = E68FE9DB2428F13700228EB7 /* Build configuration list for PBXProject "aaa" */;
			compatibilityVersion = "Xcode 9.3";
			developmentRegion = en;
			hasScannedForEncodings = 0;
			knownRegions = (
				en,
				Base,
			);
			mainGroup = E68FE9D72428F13700228EB7;
			productRefGroup = E68FE9E12428F13700228EB7 /* Products */;
			projectDirPath = "";
			projectRoot = "";
			targets = (
				E68FE9DF2428F13700228EB7 /* aaa */,
				E68FE9F52428F13900228EB7 /* aaaTests */,
				E68FEA002428F13900228EB7 /* aaaUITests */,
			);
		};
/* End PBXProject section */

/* Begin PBXResourcesBuildPhase section */
		E68FE9DE2428F13700228EB7 /* Resources */ = {
			isa = PBXResourcesBuildPhase;
			buildActionMask = 2147483647;
			files = (
				E68FE9F02428F13800228EB7 /* LaunchScreen.storyboard in Resources */,
				E68FE9ED2428F13800228EB7 /* Assets.xcassets in Resources */,
				E68FE9EB2428F13700228EB7 /* Main.storyboard in Resources */,
			);
			runOnlyForDeploymentPostprocessing = 0;
		};
		E68FE9F42428F13900228EB7 /* Resources */ = {
			isa = PBXResourcesBuildPhase;
			buildActionMask = 2147483647;
			files = (
			);
			runOnlyForDeploymentPostprocessing = 0;
		};
		E68FE9FF2428F13900228EB7 /* Resources */ = {
			isa = PBXResourcesBuildPhase;
			buildActionMask = 2147483647;
			files = (
			);
			runOnlyForDeploymentPostprocessing = 0;
		};
/* End PBXResourcesBuildPhase section */

/* Begin PBXSourcesBuildPhase section */
		E68FE9DC2428F13700228EB7 /* Sources */ = {
			isa = PBXSourcesBuildPhase;
			buildActionMask = 2147483647;
			files = (
				E68FE9E82428F13700228EB7 /* ViewController.swift in Sources */,
				E68FE9E42428F13700228EB7 /* AppDelegate.swift in Sources */,
				E68FE9E62428F13700228EB7 /* SceneDelegate.swift in Sources */,
			);
			runOnlyForDeploymentPostprocessing = 0;
		};
		E68FE9F22428F13900228EB7 /* Sources */ = {
			isa = PBXSourcesBuildPhase;
			buildActionMask = 2147483647;
			files = (
				E68FE9FB2428F13900228EB7 /* aaaTests.swift in Sources */,
			);
			runOnlyForDeploymentPostprocessing = 0;
		};
		E68FE9FD2428F13900228EB7 /* Sources */ = {
			isa = PBXSourcesBuildPhase;
			buildActionMask = 2147483647;
			files = (
				E68FEA062428F13900228EB7 /* aaaUITests.swift in Sources */,
			);
			runOnlyForDeploymentPostprocessing = 0;
		};
/* End PBXSourcesBuildPhase section */

/* Begin PBXTargetDependency section */
		E68FE9F82428F13900228EB7 /* PBXTargetDependency */ = {
			isa = PBXTargetDependency;
			target = E68FE9DF2428F13700228EB7 /* aaa */;
			targetProxy = E68FE9F72428F13900228EB7 /* PBXContainerItemProxy */;
		};
		E68FEA032428F13900228EB7 /* PBXTargetDependency */ = {
			isa = PBXTargetDependency;
			target = E68FE9DF2428F13700228EB7 /* aaa */;
			targetProxy = E68FEA022428F13900228EB7 /* PBXContainerItemProxy */;
		};
/* End PBXTargetDependency section */

/* Begin PBXVariantGroup section */
		E68FE9E92428F13700228EB7 /* Main.storyboard */ = {
			isa = PBXVariantGroup;
			children = (
				E68FE9EA2428F13700228EB7 /* Base */,
			);
			name = Main.storyboard;
			sourceTree = "<group>";
		};
		E68FE9EE2428F13800228EB7 /* LaunchScreen.storyboard */ = {
			isa = PBXVariantGroup;
			children = (
				E68FE9EF2428F13800228EB7 /* Base */,
			);
			name = LaunchScreen.storyboard;
			sourceTree = "<group>";
		};
/* End PBXVariantGroup section */

/* Begin XCBuildConfiguration section */
		E68FEA082428F13900228EB7 /* Debug */ = {
			isa = XCBuildConfiguration;
			buildSettings = {
				ALWAYS_SEARCH_USER_PATHS = NO;
				CLANG_ANALYZER_NONNULL = YES;
				CLANG_ANALYZER_NUMBER_OBJECT_CONVERSION = YES_AGGRESSIVE;
				CLANG_CXX_LANGUAGE_STANDARD = "gnu++14";
				CLANG_CXX_LIBRARY = "libc++";
				CLANG_ENABLE_MODULES = YES;
				CLANG_ENABLE_OBJC_ARC = YES;
				CLANG_ENABLE_OBJC_WEAK = YES;
				CLANG_WARN_BLOCK_CAPTURE_AUTORELEASING = YES;
				CLANG_WARN_BOOL_CONVERSION = YES;
				CLANG_WARN_COMMA = YES;
				CLANG_WARN_CONSTANT_CONVERSION = YES;
				CLANG_WARN_DEPRECATED_OBJC_IMPLEMENTATIONS = YES;
				CLANG_WARN_DIRECT_OBJC_ISA_USAGE = YES_ERROR;
				CLANG_WARN_DOCUMENTATION_COMMENTS = YES;
				CLANG_WARN_EMPTY_BODY = YES;
				CLANG_WARN_ENUM_CONVERSION = YES;
				CLANG_WARN_INFINITE_RECURSION = YES;
				CLANG_WARN_INT_CONVERSION = YES;
				CLANG_WARN_NON_LITERAL_NULL_CONVERSION = YES;
				CLANG_WARN_OBJC_IMPLICIT_RETAIN_SELF = YES;
				CLANG_WARN_OBJC_LITERAL_CONVERSION = YES;
				CLANG_WARN_OBJC_ROOT_CLASS = YES_ERROR;
				CLANG_WARN_RANGE_LOOP_ANALYSIS = YES;
				CLANG_WARN_STRICT_PROTOTYPES = YES;
				CLANG_WARN_SUSPICIOUS_MOVE = YES;
				CLANG_WARN_UNGUARDED_AVAILABILITY = YES_AGGRESSIVE;
				CLANG_WARN_UNREACHABLE_CODE = YES;
				CLANG_WARN__DUPLICATE_METHOD_MATCH = YES;
				COPY_PHASE_STRIP = NO;
				DEBUG_INFORMATION_FORMAT = dwarf;
				ENABLE_STRICT_OBJC_MSGSEND = YES;
				ENABLE_TESTABILITY = YES;
				GCC_C_LANGUAGE_STANDARD = gnu11;
				GCC_DYNAMIC_NO_PIC = NO;
				GCC_NO_COMMON_BLOCKS = YES;
				GCC_OPTIMIZATION_LEVEL = 0;
				GCC_PREPROCESSOR_DEFINITIONS = (
					"DEBUG=1",
					"$(inherited)",
				);
				GCC_WARN_64_TO_32_BIT_CONVERSION = YES;
				GCC_WARN_ABOUT_RETURN_TYPE = YES_ERROR;
				GCC_WARN_UNDECLARED_SELECTOR = YES;
				GCC_WARN_UNINITIALIZED_AUTOS = YES_AGGRESSIVE;
				GCC_WARN_UNUSED_FUNCTION = YES;
				GCC_WARN_UNUSED_VARIABLE = YES;
				IPHONEOS_DEPLOYMENT_TARGET = 13.2;
				MTL_ENABLE_DEBUG_INFO = INCLUDE_SOURCE;
				MTL_FAST_MATH = YES;
				ONLY_ACTIVE_ARCH = YES;
				SDKROOT = iphoneos;
				SWIFT_ACTIVE_COMPILATION_CONDITIONS = DEBUG;
				SWIFT_OPTIMIZATION_LEVEL = "-Onone";
			};
			name = Debug;
		};
		E68FEA092428F13900228EB7 /* Release */ = {
			isa = XCBuildConfiguration;
			buildSettings = {
				ALWAYS_SEARCH_USER_PATHS = NO;
				CLANG_ANALYZER_NONNULL = YES;
				CLANG_ANALYZER_NUMBER_OBJECT_CONVERSION = YES_AGGRESSIVE;
				CLANG_CXX_LANGUAGE_STANDARD = "gnu++14";
				CLANG_CXX_LIBRARY = "libc++";
				CLANG_ENABLE_MODULES = YES;
				CLANG_ENABLE_OBJC_ARC = YES;
				CLANG_ENABLE_OBJC_WEAK = YES;
				CLANG_WARN_BLOCK_CAPTURE_AUTORELEASING = YES;
				CLANG_WARN_BOOL_CONVERSION = YES;
				CLANG_WARN_COMMA = YES;
				CLANG_WARN_CONSTANT_CONVERSION = YES;
				CLANG_WARN_DEPRECATED_OBJC_IMPLEMENTATIONS = YES;
				CLANG_WARN_DIRECT_OBJC_ISA_USAGE = YES_ERROR;
				CLANG_WARN_DOCUMENTATION_COMMENTS = YES;
				CLANG_WARN_EMPTY_BODY = YES;
				CLANG_WARN_ENUM_CONVERSION = YES;
				CLANG_WARN_INFINITE_RECURSION = YES;
				CLANG_WARN_INT_CONVERSION = YES;
				CLANG_WARN_NON_LITERAL_NULL_CONVERSION = YES;
				CLANG_WARN_OBJC_IMPLICIT_RETAIN_SELF = YES;
				CLANG_WARN_OBJC_LITERAL_CONVERSION = YES;
				CLANG_WARN_OBJC_ROOT_CLASS = YES_ERROR;
				CLANG_WARN_RANGE_LOOP_ANALYSIS = YES;
				CLANG_WARN_STRICT_PROTOTYPES = YES;
				CLANG_WARN_SUSPICIOUS_MOVE = YES;
				CLANG_WARN_UNGUARDED_AVAILABILITY = YES_AGGRESSIVE;
				CLANG_WARN_UNREACHABLE_CODE = YES;
				CLANG_WARN__DUPLICATE_METHOD_MATCH = YES;
				COPY_PHASE_STRIP = NO;
				DEBUG_INFORMATION_FORMAT = "dwarf-with-dsym";
				ENABLE_NS_ASSERTIONS = NO;
				ENABLE_STRICT_OBJC_MSGSEND = YES;
				GCC_C_LANGUAGE_STANDARD = gnu11;
				GCC_NO_COMMON_BLOCKS = YES;
				GCC_WARN_64_TO_32_BIT_CONVERSION = YES;
				GCC_WARN_ABOUT_RETURN_TYPE = YES_ERROR;
				GCC_WARN_UNDECLARED_SELECTOR = YES;
				GCC_WARN_UNINITIALIZED_AUTOS = YES_AGGRESSIVE;
				GCC_WARN_UNUSED_FUNCTION = YES;
				GCC_WARN_UNUSED_VARIABLE = YES;
				IPHONEOS_DEPLOYMENT_TARGET = 13.2;
				MTL_ENABLE_DEBUG_INFO = NO;
				MTL_FAST_MATH = YES;
				SDKROOT = iphoneos;
				SWIFT_COMPILATION_MODE = wholemodule;
				SWIFT_OPTIMIZATION_LEVEL = "-O";
				VALIDATE_PRODUCT = YES;
			};
			name = Release;
		};
		E68FEA0B2428F13900228EB7 /* Debug */ = {
			isa = XCBuildConfiguration;
			buildSettings = {
				ASSETCATALOG_COMPILER_APPICON_NAME = AppIcon;
				CODE_SIGN_STYLE = Automatic;
				INFOPLIST_FILE = aaa/Info.plist;
				LD_RUNPATH_SEARCH_PATHS = (
					"$(inherited)",
					"@executable_path/Frameworks",
				);
				PRODUCT_BUNDLE_IDENTIFIER = tcx.aaa;
				PRODUCT_NAME = "$(TARGET_NAME)";
				SWIFT_VERSION = 5.0;
				TARGETED_DEVICE_FAMILY = "1,2";
			};
			name = Debug;
		};
		E68FEA0C2428F13900228EB7 /* Release */ = {
			isa = XCBuildConfiguration;
			buildSettings = {
				ASSETCATALOG_COMPILER_APPICON_NAME = AppIcon;
				CODE_SIGN_STYLE = Automatic;
				INFOPLIST_FILE = aaa/Info.plist;
				LD_RUNPATH_SEARCH_PATHS = (
					"$(inherited)",
					"@executable_path/Frameworks",
				);
				PRODUCT_BUNDLE_IDENTIFIER = tcx.aaa;
				PRODUCT_NAME = "$(TARGET_NAME)";
				SWIFT_VERSION = 5.0;
				TARGETED_DEVICE_FAMILY = "1,2";
			};
			name = Release;
		};
		E68FEA0E2428F13900228EB7 /* Debug */ = {
			isa = XCBuildConfiguration;
			buildSettings = {
				ALWAYS_EMBED_SWIFT_STANDARD_LIBRARIES = YES;
				BUNDLE_LOADER = "$(TEST_HOST)";
				CODE_SIGN_STYLE = Automatic;
				INFOPLIST_FILE = aaaTests/Info.plist;
				IPHONEOS_DEPLOYMENT_TARGET = 13.2;
				LD_RUNPATH_SEARCH_PATHS = (
					"$(inherited)",
					"@executable_path/Frameworks",
					"@loader_path/Frameworks",
				);
				PRODUCT_BUNDLE_IDENTIFIER = tcx.aaaTests;
				PRODUCT_NAME = "$(TARGET_NAME)";
				SWIFT_VERSION = 5.0;
				TARGETED_DEVICE_FAMILY = "1,2";
				TEST_HOST = "$(BUILT_PRODUCTS_DIR)/aaa.app/aaa";
			};
			name = Debug;
		};
		E68FEA0F2428F13900228EB7 /* Release */ = {
			isa = XCBuildConfiguration;
			buildSettings = {
				ALWAYS_EMBED_SWIFT_STANDARD_LIBRARIES = YES;
				BUNDLE_LOADER = "$(TEST_HOST)";
				CODE_SIGN_STYLE = Automatic;
				INFOPLIST_FILE = aaaTests/Info.plist;
				IPHONEOS_DEPLOYMENT_TARGET = 13.2;
				LD_RUNPATH_SEARCH_PATHS = (
					"$(inherited)",
					"@executable_path/Frameworks",
					"@loader_path/Frameworks",
				);
				PRODUCT_BUNDLE_IDENTIFIER = tcx.aaaTests;
				PRODUCT_NAME = "$(TARGET_NAME)";
				SWIFT_VERSION = 5.0;
				TARGETED_DEVICE_FAMILY = "1,2";
				TEST_HOST = "$(BUILT_PRODUCTS_DIR)/aaa.app/aaa";
			};
			name = Release;
		};
		E68FEA112428F13900228EB7 /* Debug */ = {
			isa = XCBuildConfiguration;
			buildSettings = {
				ALWAYS_EMBED_SWIFT_STANDARD_LIBRARIES = YES;
				CODE_SIGN_STYLE = Automatic;
				INFOPLIST_FILE = aaaUITests/Info.plist;
				LD_RUNPATH_SEARCH_PATHS = (
					"$(inherited)",
					"@executable_path/Frameworks",
					"@loader_path/Frameworks",
				);
				PRODUCT_BUNDLE_IDENTIFIER = tcx.aaaUITests;
				PRODUCT_NAME = "$(TARGET_NAME)";
				SWIFT_VERSION = 5.0;
				TARGETED_DEVICE_FAMILY = "1,2";
				TEST_TARGET_NAME = aaa;
			};
			name = Debug;
		};
		E68FEA122428F13900228EB7 /* Release */ = {
			isa = XCBuildConfiguration;
			buildSettings = {
				ALWAYS_EMBED_SWIFT_STANDARD_LIBRARIES = YES;
				CODE_SIGN_STYLE = Automatic;
				INFOPLIST_FILE = aaaUITests/Info.plist;
				LD_RUNPATH_SEARCH_PATHS = (
					"$(inherited)",
					"@executable_path/Frameworks",
					"@loader_path/Frameworks",
				);
				PRODUCT_BUNDLE_IDENTIFIER = tcx.aaaUITests;
				PRODUCT_NAME = "$(TARGET_NAME)";
				SWIFT_VERSION = 5.0;
				TARGETED_DEVICE_FAMILY = "1,2";
				TEST_TARGET_NAME = aaa;
			};
			name = Release;
		};
/* End XCBuildConfiguration section */

/* Begin XCConfigurationList section */
		E68FE9DB2428F13700228EB7 /* Build configuration list for PBXProject "aaa" */ = {
			isa = XCConfigurationList;
			buildConfigurations = (
				E68FEA082428F13900228EB7 /* Debug */,
				E68FEA092428F13900228EB7 /* Release */,
			);
			defaultConfigurationIsVisible = 0;
			defaultConfigurationName = Release;
		};
		E68FEA0A2428F13900228EB7 /* Build configuration list for PBXNativeTarget "aaa" */ = {
			isa = XCConfigurationList;
			buildConfigurations = (
				E68FEA0B2428F13900228EB7 /* Debug */,
				E68FEA0C2428F13900228EB7 /* Release */,
			);
			defaultConfigurationIsVisible = 0;
			defaultConfigurationName = Release;
		};
		E68FEA0D2428F13900228EB7 /* Build configuration list for PBXNativeTarget "aaaTests" */ = {
			isa = XCConfigurationList;
			buildConfigurations = (
				E68FEA0E2428F13900228EB7 /* Debug */,
				E68FEA0F2428F13900228EB7 /* Release */,
			);
			defaultConfigurationIsVisible = 0;
			defaultConfigurationName = Release;
		};
		E68FEA102428F13900228EB7 /* Build configuration list for PBXNativeTarget "aaaUITests" */ = {
			isa = XCConfigurationList;
			buildConfigurations = (
				E68FEA112428F13900228EB7 /* Debug */,
				E68FEA122428F13900228EB7 /* Release */,
			);
			defaultConfigurationIsVisible = 0;
			defaultConfigurationName = Release;
		};
/* End XCConfigurationList section */
	};
	rootObject = E68FE9D82428F13700228EB7 /* Project object */;
}
